PODS:
  - Flutter (1.0.0)
  - FunctionalSwift (2.0.6)
  - MobileSdk (2.0.0)
  - MoneyAuth (10.2.1):
    - FunctionalSwift (~> 2.0)
    - YooMoneyCoreApi (~> 3.0)
    - YooMoneySessionProfiler (~> 5.0)
    - YooMoneyUI (~> 7.0)
  - SPaySDK (1.0.9)
  - YandexMobileMetrica/Dynamic (4.5.2):
    - YandexMobileMetrica/Dynamic/Core (= 4.5.2)
    - YandexMobileMetrica/Dynamic/Crashes (= 4.5.2)
  - YandexMobileMetrica/Dynamic/Core (4.5.2)
  - YandexMobileMetrica/Dynamic/Crashes (4.5.2):
    - YandexMobileMetrica/Dynamic/Core
  - yookassa_payments_flutter (0.0.1):
    - Flutter
    - YooKassaPayments (= 6.14.0)
  - YooKassaPayments (6.14.0):
    - MoneyAuth (~> 10.2.1)
    - SPaySDK (~> 1.0.8)
    - YandexMobileMetrica/Dynamic (>= 3.0)
    - YooKassaPaymentsApi (~> 2.21.2)
    - YooKassaWalletApi (~> 2.3.1)
    - YooMoneyCoreApi (~> 3.0)
    - YooMoneySessionProfiler (~> 5.0.1)
    - YooMoneyUI (~> 7.3.1)
  - YooKassaPaymentsApi (2.21.3):
    - FunctionalSwift
    - YooMoneyCoreApi (~> 3.0)
  - YooKassaWalletApi (2.3.2):
    - FunctionalSwift
    - YooMoneyCoreApi
  - YooMoneyCoreApi (3.0.7):
    - FunctionalSwift (~> 2.0)
  - YooMoneySessionProfiler (5.0.1):
    - MobileSdk (~> 2.0)
  - YooMoneyUI (7.3.2):
    - FunctionalSwift

DEPENDENCIES:
  - Flutter (from `Flutter`)
  - yookassa_payments_flutter (from `.symlinks/plugins/yookassa_payments_flutter/ios`)

SPEC REPOS:
  https://git.yoomoney.ru/scm/sdk/cocoa-pod-specs.git:
    - FunctionalSwift
    - MobileSdk
    - MoneyAuth
    - YooKassaPayments
    - YooKassaPaymentsApi
    - YooKassaWalletApi
    - YooMoneyCoreApi
    - YooMoneySessionProfiler
    - YooMoneyUI
  https://github.com/CocoaPods/Specs.git:
    - SPaySDK
    - YandexMobileMetrica

EXTERNAL SOURCES:
  Flutter:
    :path: Flutter
  yookassa_payments_flutter:
    :path: ".symlinks/plugins/yookassa_payments_flutter/ios"

SPEC CHECKSUMS:
  Flutter: f04841e97a9d0b0a8025694d0796dd46242b2854
  FunctionalSwift: f812f61d24f78fdac9fb361f26c7f21acc337c91
  MobileSdk: 827ec8a9ef58a60f35e920cebaecf74f20a250c4
  MoneyAuth: 47daad5ba74241b1a8ebae3b0ea4eb6600867939
  SPaySDK: 1015f868b6e9255457704cd6a3d051829263661a
  YandexMobileMetrica: f5368ee93f286c793d73b58da00929babfc897c1
  yookassa_payments_flutter: 7c9be9ba6fdae53b98b2e715a3d80d42e2bdd8ff
  YooKassaPayments: 854eed87863761c6e9c164ece203f125e1bffb64
  YooKassaPaymentsApi: b6172fa43e58e79ad730c3ccc2692471cee6ea9c
  YooKassaWalletApi: cbb352525bfe89fd2ad52635062f79f8bbbc23ec
  YooMoneyCoreApi: 0e5c123a9c981ea2384b86986d3ba64a096431f9
  YooMoneySessionProfiler: 1a19bed99feca98c04e2a906908f91a7d5db408d
  YooMoneyUI: 94078f98dc65bee756c215a14fbf70ad3469f289

PODFILE CHECKSUM: 6abfb72a0d401d5c53824cfe614a85f37a1a3040

COCOAPODS: 1.14.2
