PODS:
  - AppMetricaAdSupport (5.8.1):
    - AppMetricaCore (= 5.8.1)
    - AppMetricaCoreExtension (= 5.8.1)
  - AppMetricaAnalytics (5.8.1):
    - AppMetricaAdSupport (= 5.8.1)
    - AppMetricaCore (= 5.8.1)
    - AppMetricaCrashes (= 5.8.1)
    - AppMetricaWebKit (= 5.8.1)
  - AppMetricaCore (5.8.1):
    - AppMetricaCoreUtils (= 5.8.1)
    - AppMetricaEncodingUtils (= 5.8.1)
    - AppMetricaFMDB (= 5.8.1)
    - AppMetricaHostState (= 5.8.1)
    - AppMetricaLog (= 5.8.1)
    - AppMetricaNetwork (= 5.8.1)
    - AppMetricaPlatform (= 5.8.1)
    - AppMetricaProtobuf (= 5.8.1)
    - AppMetricaProtobufUtils (= 5.8.1)
    - AppMetricaStorageUtils (= 5.8.1)
  - AppMetricaCoreExtension (5.8.1):
    - AppMetricaCore (= 5.8.1)
    - AppMetricaStorageUtils (= 5.8.1)
  - AppMetricaCoreUtils (5.8.1):
    - AppMetricaLog (= 5.8.1)
  - AppMetricaCrashes (5.8.1):
    - AppMetricaCore (= 5.8.1)
    - AppMetricaCoreExtension (= 5.8.1)
    - AppMetricaCoreUtils (= 5.8.1)
    - AppMetricaEncodingUtils (= 5.8.1)
    - AppMetricaHostState (= 5.8.1)
    - AppMetricaLog (= 5.8.1)
    - AppMetricaPlatform (= 5.8.1)
    - AppMetricaProtobufUtils (= 5.8.1)
    - AppMetricaStorageUtils (= 5.8.1)
    - KSCrash/Recording (< 2.1.0, >= 2.0.0-rc.1)
  - AppMetricaEncodingUtils (5.8.1):
    - AppMetricaCoreUtils (= 5.8.1)
    - AppMetricaLog (= 5.8.1)
    - AppMetricaPlatform (= 5.8.1)
  - AppMetricaFMDB (5.8.1)
  - AppMetricaHostState (5.8.1):
    - AppMetricaCoreUtils (= 5.8.1)
    - AppMetricaLog (= 5.8.1)
  - AppMetricaLog (5.8.1)
  - AppMetricaNetwork (5.8.1):
    - AppMetricaCoreUtils (= 5.8.1)
    - AppMetricaLog (= 5.8.1)
    - AppMetricaPlatform (= 5.8.1)
  - AppMetricaPlatform (5.8.1):
    - AppMetricaCoreUtils (= 5.8.1)
    - AppMetricaLog (= 5.8.1)
  - AppMetricaProtobuf (5.8.1)
  - AppMetricaProtobufUtils (5.8.1):
    - AppMetricaProtobuf (= 5.8.1)
  - AppMetricaStorageUtils (5.8.1):
    - AppMetricaCoreUtils (= 5.8.1)
    - AppMetricaLog (= 5.8.1)
  - AppMetricaWebKit (5.8.1):
    - AppMetricaCore (= 5.8.1)
    - AppMetricaCoreUtils (= 5.8.1)
    - AppMetricaLog (= 5.8.1)
  - Flutter (1.0.0)
  - FMobileSdk (2.0.0-1231)
  - FunctionalSwift (2.0.7)
  - KSCrash/Core (2.0.0-rc.3)
  - KSCrash/Recording (2.0.0-rc.3):
    - KSCrash/RecordingCore
  - KSCrash/RecordingCore (2.0.0-rc.3):
    - KSCrash/Core
  - MoneyAuth (10.13.5):
    - FMobileSdk
    - FunctionalSwift (~> 2.0)
    - YooMoneyCoreApi (~> 3.1)
    - YooMoneySessionProfiler (~> 5.0)
    - YooMoneyUI (~> 7.7)
  - SPaySDK (2.3.0)
  - yookassa_payments_flutter (1.6.0):
    - Flutter
    - YooKassaPayments (= 7.2.0)
  - YooKassaPayments (7.2.0):
    - AppMetricaAnalytics (~> 5.8)
    - FMobileSdk (~> 2.0.0-1231)
    - MoneyAuth (~> 10.13.0)
    - SPaySDK (~> 2.3.0)
    - YooKassaPaymentsApi (~> 2.23.0)
    - YooKassaWalletApi (~> 2.6.0)
    - YooMoneyCoreApi (~> 3.1)
    - YooMoneySessionProfiler (~> 5.0.4)
    - YooMoneyUI (~> 7.7)
  - YooKassaPaymentsApi (2.23.0):
    - FunctionalSwift
    - YooMoneyCoreApi (~> 3.1.1)
  - YooKassaWalletApi (2.6.0):
    - FunctionalSwift
    - YooMoneyCoreApi
  - YooMoneyCoreApi (3.1.1):
    - FunctionalSwift (~> 2.0)
  - YooMoneySessionProfiler (5.0.5)
  - YooMoneyUI (7.11.1):
    - FunctionalSwift

DEPENDENCIES:
  - Flutter (from `Flutter`)
  - yookassa_payments_flutter (from `.symlinks/plugins/yookassa_payments_flutter/ios`)

SPEC REPOS:
  https://git.yoomoney.ru/scm/sdk/cocoa-pod-specs.git:
    - FMobileSdk
    - FunctionalSwift
    - MoneyAuth
    - YooKassaPayments
    - YooKassaPaymentsApi
    - YooKassaWalletApi
    - YooMoneyCoreApi
    - YooMoneySessionProfiler
    - YooMoneyUI
  https://github.com/CocoaPods/Specs.git:
    - AppMetricaAdSupport
    - AppMetricaAnalytics
    - AppMetricaCore
    - AppMetricaCoreExtension
    - AppMetricaCoreUtils
    - AppMetricaCrashes
    - AppMetricaEncodingUtils
    - AppMetricaFMDB
    - AppMetricaHostState
    - AppMetricaLog
    - AppMetricaNetwork
    - AppMetricaPlatform
    - AppMetricaProtobuf
    - AppMetricaProtobufUtils
    - AppMetricaStorageUtils
    - AppMetricaWebKit
    - KSCrash
    - SPaySDK

EXTERNAL SOURCES:
  Flutter:
    :path: Flutter
  yookassa_payments_flutter:
    :path: ".symlinks/plugins/yookassa_payments_flutter/ios"

SPEC CHECKSUMS:
  AppMetricaAdSupport: da744703342f003d7766dd03a5a070cca0a591c4
  AppMetricaAnalytics: 1778651a86e381827e8e663314ac8b99c5bcfb3f
  AppMetricaCore: 50968d9a5673bce38b7bcdd9a6fc85be1ea1b1ac
  AppMetricaCoreExtension: 594dc51a8986f539ea719d66e248d91e76d2502d
  AppMetricaCoreUtils: 05977363327e0fb6c2898ef827635399f840e14f
  AppMetricaCrashes: b3ed2de6df85577a488737aee0a8610eb8486c0f
  AppMetricaEncodingUtils: 5fd1f40e165cf0ec30ae01bba48ffcfaab2fcc2b
  AppMetricaFMDB: 230a58d091733aa61d1a0bd9c459ff230b2c4572
  AppMetricaHostState: 64392a6172c06fa0e5eff4232b49b0c5175c995f
  AppMetricaLog: 7781a25e26594ab2b291785670a6410f1968bfa8
  AppMetricaNetwork: 77b517922375ebe6cd0c0656967df6d7130040f8
  AppMetricaPlatform: 4b5ae79e46c9457a6ed6c129a6ae702f1694c532
  AppMetricaProtobuf: 17c8a9c35967580cea6f7215ca9abd6024f59477
  AppMetricaProtobufUtils: 658c8608b2edb5c7d90463df72a0a80e715bfcb6
  AppMetricaStorageUtils: 56a5345e7b82e7d778708b973fdcf0c657b49aca
  AppMetricaWebKit: b15a5c78fdeaca729a5b218509459d17d357b293
  Flutter: e0871f40cf51350855a761d2e70bf5af5b9b5de7
  FMobileSdk: a7b555198f03785af1a6064db57545c49694c1cf
  FunctionalSwift: 89f68db7d8cf103a4dc0878fbaa007a2a5532485
  KSCrash: 6104c0ff6df6818d69b706f72c5152f0ac2c2236
  MoneyAuth: 6249973278527f4efae1a4c5ab3f52587bd4ee97
  SPaySDK: ba02eaf94652a9913268a6aba8b2553b78f6447e
  yookassa_payments_flutter: ad9ac8ab7ef3f9f0c945de10c4cd2f8752bb811c
  YooKassaPayments: b3e69ea96a1084da8a2095533bf0d1601ab991f9
  YooKassaPaymentsApi: 739c985436f49f0189b61f2a241a955d72ae77bc
  YooKassaWalletApi: 034a9d4f122557377ae3b9284e6292603fb38e6b
  YooMoneyCoreApi: f53a22898878aab2f07449351a8a08f4918a6100
  YooMoneySessionProfiler: b1522da100bf239eac6fba568fbf9dca677f9b25
  YooMoneyUI: 8c80fb10997e06d936950026aa34f56b41d16d0a

PODFILE CHECKSUM: d83a67078f664dc9b52d32635e3e488dc83a611b

COCOAPODS: 1.14.3
